
Microsoft Visual Studio Solution File, Format Version 12.00
# Visual Studio Version 17
VisualStudioVersion = 17.2.32602.215
MinimumVisualStudioVersion = 10.0.40219.1
Project("{FAE04EC0-301F-11D3-BF4B-00C04F79EFBC}") = "Project_NewUser", "Project_NewUser\Project_NewUser.csproj", "{E4C4372B-63E3-4FEE-98D7-EF6F19D2DBED}"
EndProject
Global
	GlobalSection(SolutionConfigurationPlatforms) = preSolution
		Debug|Any CPU = Debug|Any CPU
		Release|Any CPU = Release|Any CPU
	EndGlobalSection
	GlobalSection(ProjectConfigurationPlatforms) = postSolution
		{E4C4372B-63E3-4FEE-98D7-EF6F19D2DBED}.Debug|Any CPU.ActiveCfg = Debug|Any CPU
		{E4C4372B-63E3-4FEE-98D7-EF6F19D2DBED}.Debug|Any CPU.Build.0 = Debug|Any CPU
		{E4C4372B-63E3-4FEE-98D7-EF6F19D2DBED}.Release|Any CPU.ActiveCfg = Release|Any CPU
		{E4C4372B-63E3-4FEE-98D7-EF6F19D2DBED}.Release|Any CPU.Build.0 = Release|Any CPU
	EndGlobalSection
	GlobalSection(SolutionProperties) = preSolution
		HideSolutionNode = FALSE
	EndGlobalSection
	GlobalSection(ExtensibilityGlobals) = postSolution
		SolutionGuid = {3345FB66-EAB6-488B-838D-0F9400303F2E}
	EndGlobalSection
EndGlobal
